// !$*UTF8*$!
{
	archiveVersion = 1;
	classes = {
	};
	objectVersion = 46;
	objects = {

/* Begin PBXBuildFile section */
		814C3ACA1B69877600E307BB /* Main.storyboard in Resources */ = {isa = PBXBuildFile; fileRef = 814C3AC61B69877600E307BB /* Main.storyboard */; };
		814C3ACB1B69877600E307BB /* Images.xcassets in Resources */ = {isa = PBXBuildFile; fileRef = 814C3AC81B69877600E307BB /* Images.xcassets */; };
		81BA814B1A49DA1800E65899 /* AppDelegate.swift in Sources */ = {isa = PBXBuildFile; fileRef = 81BA814A1A49DA1800E65899 /* AppDelegate.swift */; };
		81BA814D1A49DA1800E65899 /* ViewController.swift in Sources */ = {isa = PBXBuildFile; fileRef = 81BA814C1A49DA1800E65899 /* ViewController.swift */; };
		81BA81701A49DB6800E65899 /* Bolts.framework in Frameworks */ = {isa = PBXBuildFile; fileRef = 81BA816B1A49DB6800E65899 /* Bolts.framework */; };
		81BA81711A49DB6800E65899 /* Parse.framework in Frameworks */ = {isa = PBXBuildFile; fileRef = 81BA816C1A49DB6800E65899 /* Parse.framework */; };
		81BA81771A49E0D500E65899 /* libsqlite3.dylib in Frameworks */ = {isa = PBXBuildFile; fileRef = 81BA81761A49E0D500E65899 /* libsqlite3.dylib */; };
		81BA81791A49E0DB00E65899 /* AudioToolbox.framework in Frameworks */ = {isa = PBXBuildFile; fileRef = 81BA81781A49E0DB00E65899 /* AudioToolbox.framework */; };
		81BA817B1A49E0E500E65899 /* SystemConfiguration.framework in Frameworks */ = {isa = PBXBuildFile; fileRef = 81BA817A1A49E0E500E65899 /* SystemConfiguration.framework */; };
		81BA817F1A49E0F000E65899 /* libstdc++.6.dylib in Frameworks */ = {isa = PBXBuildFile; fileRef = 81BA817E1A49E0F000E65899 /* libstdc++.6.dylib */; };
		CC0CEF971C7C0A25001B0778 /* relayChatViewController.swift in Sources */ = {isa = PBXBuildFile; fileRef = CC0CEF961C7C0A25001B0778 /* relayChatViewController.swift */; };
		CC1BEA301BE55FB700CDC9CE /* TableViewController.swift in Sources */ = {isa = PBXBuildFile; fileRef = CC1BEA2F1BE55FB700CDC9CE /* TableViewController.swift */; };
		CC1BEA321BF0304F00CDC9CE /* backward4.png in Resources */ = {isa = PBXBuildFile; fileRef = CC1BEA311BF0304F00CDC9CE /* backward4.png */; };
		CC1BEA341BF691F800CDC9CE /* CustomCell.xib in Resources */ = {isa = PBXBuildFile; fileRef = CC1BEA331BF691F800CDC9CE /* CustomCell.xib */; };
		CC1BEA361BF6945100CDC9CE /* CustomCellTableViewCell.swift in Sources */ = {isa = PBXBuildFile; fileRef = CC1BEA351BF6945100CDC9CE /* CustomCellTableViewCell.swift */; };
		CC1BEA381BF6AE1E00CDC9CE /* newMessageViewController.swift in Sources */ = {isa = PBXBuildFile; fileRef = CC1BEA371BF6AE1E00CDC9CE /* newMessageViewController.swift */; };
		CC1BEA3A1BF8048000CDC9CE /* newMessage.png in Resources */ = {isa = PBXBuildFile; fileRef = CC1BEA391BF8048000CDC9CE /* newMessage.png */; };
		CC1BEA3C1BFC165100CDC9CE /* ContactCell.xib in Resources */ = {isa = PBXBuildFile; fileRef = CC1BEA3B1BFC165100CDC9CE /* ContactCell.xib */; };
		CC1BEA3E1BFC177200CDC9CE /* settings.png in Resources */ = {isa = PBXBuildFile; fileRef = CC1BEA3D1BFC177200CDC9CE /* settings.png */; };
		CC1BEA431BFC1D9400CDC9CE /* settingsTableViewController.swift in Sources */ = {isa = PBXBuildFile; fileRef = CC1BEA411BFC1D9400CDC9CE /* settingsTableViewController.swift */; };
		CC1BEA461BFC1E1600CDC9CE /* SettingsCell.xib in Resources */ = {isa = PBXBuildFile; fileRef = CC1BEA451BFC1E1600CDC9CE /* SettingsCell.xib */; };
		CC1BEA481BFC1F0400CDC9CE /* rightArrow.png in Resources */ = {isa = PBXBuildFile; fileRef = CC1BEA471BFC1F0400CDC9CE /* rightArrow.png */; };
		CC1BEA4A1BFC214400CDC9CE /* settingsCellTableViewCell.swift in Sources */ = {isa = PBXBuildFile; fileRef = CC1BEA491BFC214400CDC9CE /* settingsCellTableViewCell.swift */; };
		CC1BEA521C0B926500CDC9CE /* ViewControllerUsernameTest.swift in Sources */ = {isa = PBXBuildFile; fileRef = CC1BEA511C0B926500CDC9CE /* ViewControllerUsernameTest.swift */; };
		CC1BEA551C0FB97500CDC9CE /* add.png in Resources */ = {isa = PBXBuildFile; fileRef = CC1BEA531C0FB97500CDC9CE /* add.png */; };
		CC1BEA561C0FB97500CDC9CE /* check.png in Resources */ = {isa = PBXBuildFile; fileRef = CC1BEA541C0FB97500CDC9CE /* check.png */; };
		CC1BEA671C0FDA1E00CDC9CE /* PFCellSearchByUsername.swift in Sources */ = {isa = PBXBuildFile; fileRef = CC1BEA661C0FDA1E00CDC9CE /* PFCellSearchByUsername.swift */; };
		CC1BEA691C1140AC00CDC9CE /* searchByUsernameCell.swift in Sources */ = {isa = PBXBuildFile; fileRef = CC1BEA681C1140AC00CDC9CE /* searchByUsernameCell.swift */; };
		CC1BEA6B1C17883B00CDC9CE /* ParseHelper.swift in Sources */ = {isa = PBXBuildFile; fileRef = CC1BEA6A1C17883B00CDC9CE /* ParseHelper.swift */; };
		CC1BEA6F1C190D6F00CDC9CE /* selectContactsForRelay.swift in Sources */ = {isa = PBXBuildFile; fileRef = CC1BEA6E1C190D6F00CDC9CE /* selectContactsForRelay.swift */; };
		CC1BEA711C192BB000CDC9CE /* selectContactsForRelayCell.swift in Sources */ = {isa = PBXBuildFile; fileRef = CC1BEA701C192BB000CDC9CE /* selectContactsForRelayCell.swift */; };
		CC4030DD1C3A3A21004C7B2C /* sectionalTestViewController.swift in Sources */ = {isa = PBXBuildFile; fileRef = CC4030DC1C3A3A21004C7B2C /* sectionalTestViewController.swift */; };
		CC4030E21C49BAFA004C7B2C /* FBSDKCoreKit.framework in Frameworks */ = {isa = PBXBuildFile; fileRef = CC4030DE1C49BAFA004C7B2C /* FBSDKCoreKit.framework */; };
		CC4030E31C49BAFA004C7B2C /* FBSDKLoginKit.framework in Frameworks */ = {isa = PBXBuildFile; fileRef = CC4030DF1C49BAFA004C7B2C /* FBSDKLoginKit.framework */; };
		CC4030E41C49BAFA004C7B2C /* FBSDKMessengerShareKit.framework in Frameworks */ = {isa = PBXBuildFile; fileRef = CC4030E01C49BAFA004C7B2C /* FBSDKMessengerShareKit.framework */; };
		CC4030E51C49BAFA004C7B2C /* FBSDKShareKit.framework in Frameworks */ = {isa = PBXBuildFile; fileRef = CC4030E11C49BAFA004C7B2C /* FBSDKShareKit.framework */; };
		CC4030E71C4AB9E6004C7B2C /* ParseFacebookUtilsV4.framework in Frameworks */ = {isa = PBXBuildFile; fileRef = CC4030E61C4AB9E6004C7B2C /* ParseFacebookUtilsV4.framework */; };
		CC5934371BD06E590087A8BD /* ViewControllerSignUp.swift in Sources */ = {isa = PBXBuildFile; fileRef = CC5934361BD06E590087A8BD /* ViewControllerSignUp.swift */; };
		CC5934391BD46ABA0087A8BD /* ViewController Log In.swift in Sources */ = {isa = PBXBuildFile; fileRef = CC5934381BD46ABA0087A8BD /* ViewController Log In.swift */; };
		CC59343B1BDDB71B0087A8BD /* ViewController inboxRoot.swift in Sources */ = {isa = PBXBuildFile; fileRef = CC59343A1BDDB71B0087A8BD /* ViewController inboxRoot.swift */; };
		CCD363D61C691BF0004829CC /* FacebookSDKStrings.bundle in Resources */ = {isa = PBXBuildFile; fileRef = CCD363D51C691BF0004829CC /* FacebookSDKStrings.bundle */; };
		CCDABB591C63D6EB00AB5BEA /* Launch Screen.storyboard in Resources */ = {isa = PBXBuildFile; fileRef = CCDABB581C63D6EB00AB5BEA /* Launch Screen.storyboard */; };
		CCE143AB1C6FAF03005EB232 /* profile.png in Resources */ = {isa = PBXBuildFile; fileRef = CCE143AA1C6FAF03005EB232 /* profile.png */; };
		CCE143AD1C6FF4DE005EB232 /* relayContentViewController.swift in Sources */ = {isa = PBXBuildFile; fileRef = CCE143AC1C6FF4DE005EB232 /* relayContentViewController.swift */; };
		CCE143AF1C728DC8005EB232 /* camera.png in Resources */ = {isa = PBXBuildFile; fileRef = CCE143AE1C728DC8005EB232 /* camera.png */; };
		CCE143B41C72B6D7005EB232 /* ParseUI.framework in Frameworks */ = {isa = PBXBuildFile; fileRef = 81BA81801A49E10C00E65899 /* ParseUI.framework */; };
		CCEBAF6E1C5055C40057A082 /* picture_library.png in Resources */ = {isa = PBXBuildFile; fileRef = CCEBAF6D1C5055C40057A082 /* picture_library.png */; };
		CCEBAF701C5311A60057A082 /* ParseErrorHandlingController.swift in Sources */ = {isa = PBXBuildFile; fileRef = CCEBAF6F1C5311A60057A082 /* ParseErrorHandlingController.swift */; };
		CCEBAF721C5316C30057A082 /* SettingsNavigationControllerViewController.swift in Sources */ = {isa = PBXBuildFile; fileRef = CCEBAF711C5316C30057A082 /* SettingsNavigationControllerViewController.swift */; };
		CCEBAF741C540D6D0057A082 /* paste.png in Resources */ = {isa = PBXBuildFile; fileRef = CCEBAF731C540D6D0057A082 /* paste.png */; };
		CCEBAF781C5748100057A082 /* UIImage+animatedGIF.m in Sources */ = {isa = PBXBuildFile; fileRef = CCEBAF771C5748100057A082 /* UIImage+animatedGIF.m */; };
		CCEBAF7C1C5ABBCA0057A082 /* gif.png in Resources */ = {isa = PBXBuildFile; fileRef = CCEBAF791C5ABBCA0057A082 /* gif.png */; };
		CCEBAF7D1C5ABBCA0057A082 /* photo.png in Resources */ = {isa = PBXBuildFile; fileRef = CCEBAF7A1C5ABBCA0057A082 /* photo.png */; };
		CCEBAF7E1C5ABBCA0057A082 /* url.png in Resources */ = {isa = PBXBuildFile; fileRef = CCEBAF7B1C5ABBCA0057A082 /* url.png */; };
/* End PBXBuildFile section */

/* Begin PBXFileReference section */
		814C3AC71B69877600E307BB /* Base */ = {isa = PBXFileReference; lastKnownFileType = file.storyboard; name = Base; path = Base.lproj/Main.storyboard; sourceTree = "<group>"; };
		814C3AC81B69877600E307BB /* Images.xcassets */ = {isa = PBXFileReference; lastKnownFileType = folder.assetcatalog; path = Images.xcassets; sourceTree = "<group>"; };
		814C3AC91B69877600E307BB /* Info.plist */ = {isa = PBXFileReference; fileEncoding = 4; lastKnownFileType = text.plist.xml; path = Info.plist; sourceTree = "<group>"; };
		81BA81451A49DA1800E65899 /* Relay.app */ = {isa = PBXFileReference; explicitFileType = wrapper.application; includeInIndex = 0; path = Relay.app; sourceTree = BUILT_PRODUCTS_DIR; };
		81BA814A1A49DA1800E65899 /* AppDelegate.swift */ = {isa = PBXFileReference; lastKnownFileType = sourcecode.swift; path = AppDelegate.swift; sourceTree = "<group>"; };
		81BA814C1A49DA1800E65899 /* ViewController.swift */ = {isa = PBXFileReference; lastKnownFileType = sourcecode.swift; path = ViewController.swift; sourceTree = "<group>"; };
		81BA816B1A49DB6800E65899 /* Bolts.framework */ = {isa = PBXFileReference; lastKnownFileType = wrapper.framework; path = Bolts.framework; sourceTree = "<group>"; };
		81BA816C1A49DB6800E65899 /* Parse.framework */ = {isa = PBXFileReference; lastKnownFileType = wrapper.framework; path = Parse.framework; sourceTree = "<group>"; };
		81BA81761A49E0D500E65899 /* libsqlite3.dylib */ = {isa = PBXFileReference; lastKnownFileType = "compiled.mach-o.dylib"; name = libsqlite3.dylib; path = usr/lib/libsqlite3.dylib; sourceTree = SDKROOT; };
		81BA81781A49E0DB00E65899 /* AudioToolbox.framework */ = {isa = PBXFileReference; lastKnownFileType = wrapper.framework; name = AudioToolbox.framework; path = System/Library/Frameworks/AudioToolbox.framework; sourceTree = SDKROOT; };
		81BA817A1A49E0E500E65899 /* SystemConfiguration.framework */ = {isa = PBXFileReference; lastKnownFileType = wrapper.framework; name = SystemConfiguration.framework; path = System/Library/Frameworks/SystemConfiguration.framework; sourceTree = SDKROOT; };
		81BA817E1A49E0F000E65899 /* libstdc++.6.dylib */ = {isa = PBXFileReference; lastKnownFileType = "compiled.mach-o.dylib"; name = "libstdc++.6.dylib"; path = "usr/lib/libstdc++.6.dylib"; sourceTree = SDKROOT; };
		81BA81801A49E10C00E65899 /* ParseUI.framework */ = {isa = PBXFileReference; lastKnownFileType = wrapper.framework; path = ParseUI.framework; sourceTree = "<group>"; };
		CC0CEF961C7C0A25001B0778 /* relayChatViewController.swift */ = {isa = PBXFileReference; fileEncoding = 4; lastKnownFileType = sourcecode.swift; path = relayChatViewController.swift; sourceTree = "<group>"; };
		CC1BEA2F1BE55FB700CDC9CE /* TableViewController.swift */ = {isa = PBXFileReference; fileEncoding = 4; lastKnownFileType = sourcecode.swift; name = TableViewController.swift; path = ../TableViewController.swift; sourceTree = "<group>"; };
		CC1BEA311BF0304F00CDC9CE /* backward4.png */ = {isa = PBXFileReference; lastKnownFileType = image.png; path = backward4.png; sourceTree = "<group>"; };
		CC1BEA331BF691F800CDC9CE /* CustomCell.xib */ = {isa = PBXFileReference; fileEncoding = 4; lastKnownFileType = file.xib; path = CustomCell.xib; sourceTree = "<group>"; };
		CC1BEA351BF6945100CDC9CE /* CustomCellTableViewCell.swift */ = {isa = PBXFileReference; fileEncoding = 4; lastKnownFileType = sourcecode.swift; path = CustomCellTableViewCell.swift; sourceTree = "<group>"; };
		CC1BEA371BF6AE1E00CDC9CE /* newMessageViewController.swift */ = {isa = PBXFileReference; fileEncoding = 4; lastKnownFileType = sourcecode.swift; path = newMessageViewController.swift; sourceTree = "<group>"; };
		CC1BEA391BF8048000CDC9CE /* newMessage.png */ = {isa = PBXFileReference; lastKnownFileType = image.png; name = newMessage.png; path = ../ParseStarterProject/newMessage.png; sourceTree = "<group>"; };
		CC1BEA3B1BFC165100CDC9CE /* ContactCell.xib */ = {isa = PBXFileReference; fileEncoding = 4; lastKnownFileType = file.xib; path = ContactCell.xib; sourceTree = "<group>"; };
		CC1BEA3D1BFC177200CDC9CE /* settings.png */ = {isa = PBXFileReference; lastKnownFileType = image.png; name = settings.png; path = ../ParseStarterProject/settings.png; sourceTree = "<group>"; };
		CC1BEA411BFC1D9400CDC9CE /* settingsTableViewController.swift */ = {isa = PBXFileReference; fileEncoding = 4; lastKnownFileType = sourcecode.swift; path = settingsTableViewController.swift; sourceTree = "<group>"; };
		CC1BEA451BFC1E1600CDC9CE /* SettingsCell.xib */ = {isa = PBXFileReference; fileEncoding = 4; lastKnownFileType = file.xib; path = SettingsCell.xib; sourceTree = "<group>"; };
		CC1BEA471BFC1F0400CDC9CE /* rightArrow.png */ = {isa = PBXFileReference; lastKnownFileType = image.png; name = rightArrow.png; path = ../ParseStarterProject/rightArrow.png; sourceTree = "<group>"; };
		CC1BEA491BFC214400CDC9CE /* settingsCellTableViewCell.swift */ = {isa = PBXFileReference; fileEncoding = 4; lastKnownFileType = sourcecode.swift; path = settingsCellTableViewCell.swift; sourceTree = "<group>"; };
		CC1BEA511C0B926500CDC9CE /* ViewControllerUsernameTest.swift */ = {isa = PBXFileReference; fileEncoding = 4; lastKnownFileType = sourcecode.swift; path = ViewControllerUsernameTest.swift; sourceTree = "<group>"; };
		CC1BEA531C0FB97500CDC9CE /* add.png */ = {isa = PBXFileReference; lastKnownFileType = image.png; name = add.png; path = ../ParseStarterProject/add.png; sourceTree = "<group>"; };
		CC1BEA541C0FB97500CDC9CE /* check.png */ = {isa = PBXFileReference; lastKnownFileType = image.png; name = check.png; path = ../ParseStarterProject/check.png; sourceTree = "<group>"; };
		CC1BEA661C0FDA1E00CDC9CE /* PFCellSearchByUsername.swift */ = {isa = PBXFileReference; fileEncoding = 4; lastKnownFileType = sourcecode.swift; name = PFCellSearchByUsername.swift; path = ../PFCellSearchByUsername.swift; sourceTree = "<group>"; };
		CC1BEA681C1140AC00CDC9CE /* searchByUsernameCell.swift */ = {isa = PBXFileReference; fileEncoding = 4; lastKnownFileType = sourcecode.swift; path = searchByUsernameCell.swift; sourceTree = "<group>"; };
		CC1BEA6A1C17883B00CDC9CE /* ParseHelper.swift */ = {isa = PBXFileReference; fileEncoding = 4; lastKnownFileType = sourcecode.swift; path = ParseHelper.swift; sourceTree = "<group>"; };
		CC1BEA6E1C190D6F00CDC9CE /* selectContactsForRelay.swift */ = {isa = PBXFileReference; fileEncoding = 4; lastKnownFileType = sourcecode.swift; path = selectContactsForRelay.swift; sourceTree = "<group>"; };
		CC1BEA701C192BB000CDC9CE /* selectContactsForRelayCell.swift */ = {isa = PBXFileReference; fileEncoding = 4; lastKnownFileType = sourcecode.swift; path = selectContactsForRelayCell.swift; sourceTree = "<group>"; };
		CC4030DC1C3A3A21004C7B2C /* sectionalTestViewController.swift */ = {isa = PBXFileReference; fileEncoding = 4; lastKnownFileType = sourcecode.swift; path = sectionalTestViewController.swift; sourceTree = "<group>"; };
		CC4030DE1C49BAFA004C7B2C /* FBSDKCoreKit.framework */ = {isa = PBXFileReference; lastKnownFileType = wrapper.framework; path = FBSDKCoreKit.framework; sourceTree = "<group>"; };
		CC4030DF1C49BAFA004C7B2C /* FBSDKLoginKit.framework */ = {isa = PBXFileReference; lastKnownFileType = wrapper.framework; path = FBSDKLoginKit.framework; sourceTree = "<group>"; };
		CC4030E01C49BAFA004C7B2C /* FBSDKMessengerShareKit.framework */ = {isa = PBXFileReference; lastKnownFileType = wrapper.framework; path = FBSDKMessengerShareKit.framework; sourceTree = "<group>"; };
		CC4030E11C49BAFA004C7B2C /* FBSDKShareKit.framework */ = {isa = PBXFileReference; lastKnownFileType = wrapper.framework; path = FBSDKShareKit.framework; sourceTree = "<group>"; };
		CC4030E61C4AB9E6004C7B2C /* ParseFacebookUtilsV4.framework */ = {isa = PBXFileReference; lastKnownFileType = wrapper.framework; path = ParseFacebookUtilsV4.framework; sourceTree = "<group>"; };
		CC5934361BD06E590087A8BD /* ViewControllerSignUp.swift */ = {isa = PBXFileReference; fileEncoding = 4; lastKnownFileType = sourcecode.swift; path = ViewControllerSignUp.swift; sourceTree = "<group>"; };
		CC5934381BD46ABA0087A8BD /* ViewController Log In.swift */ = {isa = PBXFileReference; fileEncoding = 4; lastKnownFileType = sourcecode.swift; path = "ViewController Log In.swift"; sourceTree = "<group>"; };
		CC59343A1BDDB71B0087A8BD /* ViewController inboxRoot.swift */ = {isa = PBXFileReference; fileEncoding = 4; lastKnownFileType = sourcecode.swift; name = "ViewController inboxRoot.swift"; path = "../ViewController inboxRoot.swift"; sourceTree = "<group>"; };
		CCD363D51C691BF0004829CC /* FacebookSDKStrings.bundle */ = {isa = PBXFileReference; lastKnownFileType = "wrapper.plug-in"; path = FacebookSDKStrings.bundle; sourceTree = "<group>"; };
		CCDABB581C63D6EB00AB5BEA /* Launch Screen.storyboard */ = {isa = PBXFileReference; fileEncoding = 4; lastKnownFileType = file.storyboard; path = "Launch Screen.storyboard"; sourceTree = "<group>"; };
		CCE143AA1C6FAF03005EB232 /* profile.png */ = {isa = PBXFileReference; lastKnownFileType = image.png; path = profile.png; sourceTree = "<group>"; };
		CCE143AC1C6FF4DE005EB232 /* relayContentViewController.swift */ = {isa = PBXFileReference; fileEncoding = 4; lastKnownFileType = sourcecode.swift; path = relayContentViewController.swift; sourceTree = "<group>"; };
		CCE143AE1C728DC8005EB232 /* camera.png */ = {isa = PBXFileReference; lastKnownFileType = image.png; path = camera.png; sourceTree = "<group>"; };
		CCE143B01C72B6AC005EB232 /* xcshareddata */ = {isa = PBXFileReference; lastKnownFileType = folder; name = xcshareddata; path = Relay.xcodeproj/xcshareddata; sourceTree = "<group>"; };
		CCE143B21C72B6BF005EB232 /* parse-starter-project-1.9.0 */ = {isa = PBXFileReference; lastKnownFileType = folder; name = "parse-starter-project-1.9.0"; path = ..; sourceTree = "<group>"; };
		CCEBAF6D1C5055C40057A082 /* picture_library.png */ = {isa = PBXFileReference; lastKnownFileType = image.png; path = picture_library.png; sourceTree = "<group>"; };
		CCEBAF6F1C5311A60057A082 /* ParseErrorHandlingController.swift */ = {isa = PBXFileReference; fileEncoding = 4; lastKnownFileType = sourcecode.swift; path = ParseErrorHandlingController.swift; sourceTree = "<group>"; };
		CCEBAF711C5316C30057A082 /* SettingsNavigationControllerViewController.swift */ = {isa = PBXFileReference; fileEncoding = 4; lastKnownFileType = sourcecode.swift; path = SettingsNavigationControllerViewController.swift; sourceTree = "<group>"; };
		CCEBAF731C540D6D0057A082 /* paste.png */ = {isa = PBXFileReference; lastKnownFileType = image.png; path = paste.png; sourceTree = "<group>"; };
		CCEBAF751C57480F0057A082 /* Relay-Bridging-Header.h */ = {isa = PBXFileReference; lastKnownFileType = sourcecode.c.h; path = "Relay-Bridging-Header.h"; sourceTree = "<group>"; };
		CCEBAF761C5748100057A082 /* UIImage+animatedGIF.h */ = {isa = PBXFileReference; fileEncoding = 4; lastKnownFileType = sourcecode.c.h; path = "UIImage+animatedGIF.h"; sourceTree = "<group>"; };
		CCEBAF771C5748100057A082 /* UIImage+animatedGIF.m */ = {isa = PBXFileReference; fileEncoding = 4; lastKnownFileType = sourcecode.c.objc; path = "UIImage+animatedGIF.m"; sourceTree = "<group>"; };
		CCEBAF791C5ABBCA0057A082 /* gif.png */ = {isa = PBXFileReference; lastKnownFileType = image.png; path = gif.png; sourceTree = "<group>"; };
		CCEBAF7A1C5ABBCA0057A082 /* photo.png */ = {isa = PBXFileReference; lastKnownFileType = image.png; path = photo.png; sourceTree = "<group>"; };
		CCEBAF7B1C5ABBCA0057A082 /* url.png */ = {isa = PBXFileReference; lastKnownFileType = image.png; path = url.png; sourceTree = "<group>"; };
/* End PBXFileReference section */

/* Begin PBXFrameworksBuildPhase section */
		81BA81421A49DA1800E65899 /* Frameworks */ = {
			isa = PBXFrameworksBuildPhase;
			buildActionMask = 2147483647;
			files = (
				81BA817F1A49E0F000E65899 /* libstdc++.6.dylib in Frameworks */,
				CCE143B41C72B6D7005EB232 /* ParseUI.framework in Frameworks */,
				81BA817B1A49E0E500E65899 /* SystemConfiguration.framework in Frameworks */,
				CC4030E71C4AB9E6004C7B2C /* ParseFacebookUtilsV4.framework in Frameworks */,
				CC4030E41C49BAFA004C7B2C /* FBSDKMessengerShareKit.framework in Frameworks */,
				CC4030E31C49BAFA004C7B2C /* FBSDKLoginKit.framework in Frameworks */,
				81BA81791A49E0DB00E65899 /* AudioToolbox.framework in Frameworks */,
				81BA81771A49E0D500E65899 /* libsqlite3.dylib in Frameworks */,
				CC4030E51C49BAFA004C7B2C /* FBSDKShareKit.framework in Frameworks */,
				81BA81711A49DB6800E65899 /* Parse.framework in Frameworks */,
				CC4030E21C49BAFA004C7B2C /* FBSDKCoreKit.framework in Frameworks */,
				81BA81701A49DB6800E65899 /* Bolts.framework in Frameworks */,
			);
			runOnlyForDeploymentPostprocessing = 0;
		};
/* End PBXFrameworksBuildPhase section */

/* Begin PBXGroup section */
		814C3AC51B69877600E307BB /* Resources */ = {
			isa = PBXGroup;
			children = (
				814C3AC81B69877600E307BB /* Images.xcassets */,
				CCDABB581C63D6EB00AB5BEA /* Launch Screen.storyboard */,
				CCE143AE1C728DC8005EB232 /* camera.png */,
				CCEBAF791C5ABBCA0057A082 /* gif.png */,
				CCEBAF7A1C5ABBCA0057A082 /* photo.png */,
				CCEBAF7B1C5ABBCA0057A082 /* url.png */,
				CCEBAF731C540D6D0057A082 /* paste.png */,
				CC1BEA531C0FB97500CDC9CE /* add.png */,
				CC1BEA541C0FB97500CDC9CE /* check.png */,
				CC1BEA471BFC1F0400CDC9CE /* rightArrow.png */,
				CC1BEA3D1BFC177200CDC9CE /* settings.png */,
				CC1BEA391BF8048000CDC9CE /* newMessage.png */,
				CC1BEA311BF0304F00CDC9CE /* backward4.png */,
				CCEBAF6D1C5055C40057A082 /* picture_library.png */,
				814C3AC91B69877600E307BB /* Info.plist */,
				CCE143AA1C6FAF03005EB232 /* profile.png */,
			);
			path = Resources;
			sourceTree = "<group>";
		};
		81BA813C1A49DA1800E65899 = {
			isa = PBXGroup;
			children = (
				81BA81471A49DA1800E65899 /* Relay-Build */,
				814C3AC51B69877600E307BB /* Resources */,
				81BA816A1A49DB5600E65899 /* Frameworks */,
				81BA81461A49DA1800E65899 /* Products */,
			);
			sourceTree = "<group>";
		};
		81BA81461A49DA1800E65899 /* Products */ = {
			isa = PBXGroup;
			children = (
				81BA81451A49DA1800E65899 /* Relay.app */,
			);
			name = Products;
			sourceTree = "<group>";
		};
		81BA81471A49DA1800E65899 /* Relay-Build */ = {
			isa = PBXGroup;
			children = (
				CC59343A1BDDB71B0087A8BD /* ViewController inboxRoot.swift */,
				CC5934361BD06E590087A8BD /* ViewControllerSignUp.swift */,
				81BA814A1A49DA1800E65899 /* AppDelegate.swift */,
				81BA814C1A49DA1800E65899 /* ViewController.swift */,
				CC4030DC1C3A3A21004C7B2C /* sectionalTestViewController.swift */,
				CCEBAF6F1C5311A60057A082 /* ParseErrorHandlingController.swift */,
				814C3AC61B69877600E307BB /* Main.storyboard */,
				CC0CEF961C7C0A25001B0778 /* relayChatViewController.swift */,
				CCE143AC1C6FF4DE005EB232 /* relayContentViewController.swift */,
				CC1BEA2F1BE55FB700CDC9CE /* TableViewController.swift */,
				CC1BEA6E1C190D6F00CDC9CE /* selectContactsForRelay.swift */,
				CC1BEA371BF6AE1E00CDC9CE /* newMessageViewController.swift */,
				CC1BEA6A1C17883B00CDC9CE /* ParseHelper.swift */,
				CC1BEA511C0B926500CDC9CE /* ViewControllerUsernameTest.swift */,
				CC1BEA681C1140AC00CDC9CE /* searchByUsernameCell.swift */,
				CC1BEA661C0FDA1E00CDC9CE /* PFCellSearchByUsername.swift */,
				CC1BEA701C192BB000CDC9CE /* selectContactsForRelayCell.swift */,
				CC1BEA451BFC1E1600CDC9CE /* SettingsCell.xib */,
				CC1BEA411BFC1D9400CDC9CE /* settingsTableViewController.swift */,
				CC1BEA3B1BFC165100CDC9CE /* ContactCell.xib */,
				CC1BEA331BF691F800CDC9CE /* CustomCell.xib */,
				CC1BEA351BF6945100CDC9CE /* CustomCellTableViewCell.swift */,
				CC1BEA491BFC214400CDC9CE /* settingsCellTableViewCell.swift */,
				CC5934381BD46ABA0087A8BD /* ViewController Log In.swift */,
				CCEBAF711C5316C30057A082 /* SettingsNavigationControllerViewController.swift */,
			);
			name = "Relay-Build";
			path = ParseStarterProject;
			sourceTree = "<group>";
		};
		81BA816A1A49DB5600E65899 /* Frameworks */ = {
			isa = PBXGroup;
			children = (
				CCE143B21C72B6BF005EB232 /* parse-starter-project-1.9.0 */,
				CCE143B01C72B6AC005EB232 /* xcshareddata */,
				CCEBAF761C5748100057A082 /* UIImage+animatedGIF.h */,
				CCEBAF771C5748100057A082 /* UIImage+animatedGIF.m */,
				CCD363D51C691BF0004829CC /* FacebookSDKStrings.bundle */,
				CC4030E61C4AB9E6004C7B2C /* ParseFacebookUtilsV4.framework */,
				CC4030DE1C49BAFA004C7B2C /* FBSDKCoreKit.framework */,
				CC4030DF1C49BAFA004C7B2C /* FBSDKLoginKit.framework */,
				CC4030E01C49BAFA004C7B2C /* FBSDKMessengerShareKit.framework */,
				CC4030E11C49BAFA004C7B2C /* FBSDKShareKit.framework */,
				81BA816B1A49DB6800E65899 /* Bolts.framework */,
				81BA816C1A49DB6800E65899 /* Parse.framework */,
				81BA81801A49E10C00E65899 /* ParseUI.framework */,
				81BA81751A49E0C500E65899 /* System Frameworks */,
				CCEBAF751C57480F0057A082 /* Relay-Bridging-Header.h */,
			);
			name = Frameworks;
			sourceTree = "<group>";
		};
		81BA81751A49E0C500E65899 /* System Frameworks */ = {
			isa = PBXGroup;
			children = (
				81BA817E1A49E0F000E65899 /* libstdc++.6.dylib */,
				81BA817A1A49E0E500E65899 /* SystemConfiguration.framework */,
				81BA81781A49E0DB00E65899 /* AudioToolbox.framework */,
				81BA81761A49E0D500E65899 /* libsqlite3.dylib */,
			);
			name = "System Frameworks";
			sourceTree = "<group>";
		};
/* End PBXGroup section */

/* Begin PBXNativeTarget section */
		81BA81441A49DA1800E65899 /* Relay */ = {
			isa = PBXNativeTarget;
			buildConfigurationList = 81BA81641A49DA1800E65899 /* Build configuration list for PBXNativeTarget "Relay" */;
			buildPhases = (
				81BA81411A49DA1800E65899 /* Sources */,
				81BA81421A49DA1800E65899 /* Frameworks */,
				81BA81431A49DA1800E65899 /* Resources */,
				81CC85E11A49F6D40076DE19 /* Upload Symbol Files */,
			);
			buildRules = (
			);
			dependencies = (
			);
			name = Relay;
			productName = ParseStarterProject;
			productReference = 81BA81451A49DA1800E65899 /* Relay.app */;
			productType = "com.apple.product-type.application";
		};
/* End PBXNativeTarget section */

/* Begin PBXProject section */
		81BA813D1A49DA1800E65899 /* Project object */ = {
			isa = PBXProject;
			attributes = {
				LastSwiftUpdateCheck = 0720;
				LastUpgradeCheck = 0700;
				ORGANIZATIONNAME = Parse;
				TargetAttributes = {
					81BA81441A49DA1800E65899 = {
						CreatedOnToolsVersion = 6.1.1;
						DevelopmentTeam = BF26U9A7WD;
					};
				};
			};
			buildConfigurationList = 81BA81401A49DA1800E65899 /* Build configuration list for PBXProject "Relay" */;
			compatibilityVersion = "Xcode 3.2";
			developmentRegion = English;
			hasScannedForEncodings = 0;
			knownRegions = (
				en,
				Base,
			);
			mainGroup = 81BA813C1A49DA1800E65899;
			productRefGroup = 81BA81461A49DA1800E65899 /* Products */;
			projectDirPath = "";
			projectRoot = "";
			targets = (
				81BA81441A49DA1800E65899 /* Relay */,
			);
		};
/* End PBXProject section */

/* Begin PBXResourcesBuildPhase section */
		81BA81431A49DA1800E65899 /* Resources */ = {
			isa = PBXResourcesBuildPhase;
			buildActionMask = 2147483647;
			files = (
				CC1BEA3C1BFC165100CDC9CE /* ContactCell.xib in Resources */,
				CC1BEA3E1BFC177200CDC9CE /* settings.png in Resources */,
				CCDABB591C63D6EB00AB5BEA /* Launch Screen.storyboard in Resources */,
				CCEBAF7D1C5ABBCA0057A082 /* photo.png in Resources */,
				CC1BEA461BFC1E1600CDC9CE /* SettingsCell.xib in Resources */,
				CCEBAF741C540D6D0057A082 /* paste.png in Resources */,
				CC1BEA551C0FB97500CDC9CE /* add.png in Resources */,
				CC1BEA561C0FB97500CDC9CE /* check.png in Resources */,
				814C3ACA1B69877600E307BB /* Main.storyboard in Resources */,
				814C3ACB1B69877600E307BB /* Images.xcassets in Resources */,
				CC1BEA341BF691F800CDC9CE /* CustomCell.xib in Resources */,
				CCE143AB1C6FAF03005EB232 /* profile.png in Resources */,
				CC1BEA3A1BF8048000CDC9CE /* newMessage.png in Resources */,
				CC1BEA481BFC1F0400CDC9CE /* rightArrow.png in Resources */,
				CCE143AF1C728DC8005EB232 /* camera.png in Resources */,
				CCEBAF6E1C5055C40057A082 /* picture_library.png in Resources */,
				CCEBAF7E1C5ABBCA0057A082 /* url.png in Resources */,
				CCD363D61C691BF0004829CC /* FacebookSDKStrings.bundle in Resources */,
				CCEBAF7C1C5ABBCA0057A082 /* gif.png in Resources */,
				CC1BEA321BF0304F00CDC9CE /* backward4.png in Resources */,
			);
			runOnlyForDeploymentPostprocessing = 0;
		};
/* End PBXResourcesBuildPhase section */

/* Begin PBXShellScriptBuildPhase section */
		81CC85E11A49F6D40076DE19 /* Upload Symbol Files */ = {
			isa = PBXShellScriptBuildPhase;
			buildActionMask = 2147483647;
			files = (
			);
			inputPaths = (
			);
			name = "Upload Symbol Files";
			outputPaths = (
			);
			runOnlyForDeploymentPostprocessing = 0;
			shellPath = /bin/sh;
			shellScript = "# This script will upload symbol files for your application,\n# so all your crash reports are going to be symbolicated\n\n# Important!\n# Before using the script, please initialize CloudCode folder and replace <path_to_cloudcode_folder> with the path to it\n#\n# Read more on Parse.com - https://parse.com/apps/quickstart#analytics/crashreporting/ios/\n############################################################\n\n\n# export PATH=/usr/local/bin:$PATH\n# cd <path_to_cloudcode_folder>\n\n# parse symbols -p \"${DWARF_DSYM_FOLDER_PATH}/${DWARF_DSYM_FILE_NAME}\"\n";
		};
/* End PBXShellScriptBuildPhase section */

/* Begin PBXSourcesBuildPhase section */
		81BA81411A49DA1800E65899 /* Sources */ = {
			isa = PBXSourcesBuildPhase;
			buildActionMask = 2147483647;
			files = (
				CCEBAF701C5311A60057A082 /* ParseErrorHandlingController.swift in Sources */,
				CC1BEA691C1140AC00CDC9CE /* searchByUsernameCell.swift in Sources */,
				81BA814D1A49DA1800E65899 /* ViewController.swift in Sources */,
				CC1BEA301BE55FB700CDC9CE /* TableViewController.swift in Sources */,
				CC1BEA431BFC1D9400CDC9CE /* settingsTableViewController.swift in Sources */,
				CCE143AD1C6FF4DE005EB232 /* relayContentViewController.swift in Sources */,
				CC5934371BD06E590087A8BD /* ViewControllerSignUp.swift in Sources */,
				CC1BEA521C0B926500CDC9CE /* ViewControllerUsernameTest.swift in Sources */,
				CC1BEA361BF6945100CDC9CE /* CustomCellTableViewCell.swift in Sources */,
				CC59343B1BDDB71B0087A8BD /* ViewController inboxRoot.swift in Sources */,
				CCEBAF721C5316C30057A082 /* SettingsNavigationControllerViewController.swift in Sources */,
				CC1BEA671C0FDA1E00CDC9CE /* PFCellSearchByUsername.swift in Sources */,
				CC1BEA6F1C190D6F00CDC9CE /* selectContactsForRelay.swift in Sources */,
				CC4030DD1C3A3A21004C7B2C /* sectionalTestViewController.swift in Sources */,
				CCEBAF781C5748100057A082 /* UIImage+animatedGIF.m in Sources */,
				CC1BEA4A1BFC214400CDC9CE /* settingsCellTableViewCell.swift in Sources */,
				CC5934391BD46ABA0087A8BD /* ViewController Log In.swift in Sources */,
				81BA814B1A49DA1800E65899 /* AppDelegate.swift in Sources */,
				CC0CEF971C7C0A25001B0778 /* relayChatViewController.swift in Sources */,
				CC1BEA711C192BB000CDC9CE /* selectContactsForRelayCell.swift in Sources */,
				CC1BEA381BF6AE1E00CDC9CE /* newMessageViewController.swift in Sources */,
				CC1BEA6B1C17883B00CDC9CE /* ParseHelper.swift in Sources */,
			);
			runOnlyForDeploymentPostprocessing = 0;
		};
/* End PBXSourcesBuildPhase section */

/* Begin PBXVariantGroup section */
		814C3AC61B69877600E307BB /* Main.storyboard */ = {
			isa = PBXVariantGroup;
			children = (
				814C3AC71B69877600E307BB /* Base */,
			);
			name = Main.storyboard;
			path = ../Resources;
			sourceTree = "<group>";
		};
/* End PBXVariantGroup section */

/* Begin XCBuildConfiguration section */
		81BA81621A49DA1800E65899 /* Debug */ = {
			isa = XCBuildConfiguration;
			buildSettings = {
				ALWAYS_SEARCH_USER_PATHS = NO;
				CLANG_CXX_LANGUAGE_STANDARD = "gnu++0x";
				CLANG_CXX_LIBRARY = "libc++";
				CLANG_ENABLE_MODULES = YES;
				CLANG_ENABLE_OBJC_ARC = YES;
				CLANG_WARN_BOOL_CONVERSION = YES;
				CLANG_WARN_CONSTANT_CONVERSION = YES;
				CLANG_WARN_DIRECT_OBJC_ISA_USAGE = YES_ERROR;
				CLANG_WARN_EMPTY_BODY = YES;
				CLANG_WARN_ENUM_CONVERSION = YES;
				CLANG_WARN_INT_CONVERSION = YES;
				CLANG_WARN_OBJC_ROOT_CLASS = YES_ERROR;
				CLANG_WARN_UNREACHABLE_CODE = YES;
				CLANG_WARN__DUPLICATE_METHOD_MATCH = YES;
				"CODE_SIGN_IDENTITY[sdk=iphoneos*]" = "iPhone Developer";
				COPY_PHASE_STRIP = NO;
				ENABLE_STRICT_OBJC_MSGSEND = YES;
				ENABLE_TESTABILITY = YES;
				GCC_C_LANGUAGE_STANDARD = gnu99;
				GCC_DYNAMIC_NO_PIC = NO;
				GCC_OPTIMIZATION_LEVEL = 0;
				GCC_PREPROCESSOR_DEFINITIONS = (
					"DEBUG=1",
					"$(inherited)",
				);
				GCC_SYMBOLS_PRIVATE_EXTERN = NO;
				GCC_WARN_64_TO_32_BIT_CONVERSION = YES;
				GCC_WARN_ABOUT_RETURN_TYPE = YES_ERROR;
				GCC_WARN_UNDECLARED_SELECTOR = YES;
				GCC_WARN_UNINITIALIZED_AUTOS = YES_AGGRESSIVE;
				GCC_WARN_UNUSED_FUNCTION = YES;
				GCC_WARN_UNUSED_VARIABLE = YES;
				IPHONEOS_DEPLOYMENT_TARGET = 7.0;
				MTL_ENABLE_DEBUG_INFO = YES;
				ONLY_ACTIVE_ARCH = YES;
				SDKROOT = iphoneos;
				SWIFT_OPTIMIZATION_LEVEL = "-Onone";
				TARGETED_DEVICE_FAMILY = "1,2";
			};
			name = Debug;
		};
		81BA81631A49DA1800E65899 /* Release */ = {
			isa = XCBuildConfiguration;
			buildSettings = {
				ALWAYS_SEARCH_USER_PATHS = NO;
				CLANG_CXX_LANGUAGE_STANDARD = "gnu++0x";
				CLANG_CXX_LIBRARY = "libc++";
				CLANG_ENABLE_MODULES = YES;
				CLANG_ENABLE_OBJC_ARC = YES;
				CLANG_WARN_BOOL_CONVERSION = YES;
				CLANG_WARN_CONSTANT_CONVERSION = YES;
				CLANG_WARN_DIRECT_OBJC_ISA_USAGE = YES_ERROR;
				CLANG_WARN_EMPTY_BODY = YES;
				CLANG_WARN_ENUM_CONVERSION = YES;
				CLANG_WARN_INT_CONVERSION = YES;
				CLANG_WARN_OBJC_ROOT_CLASS = YES_ERROR;
				CLANG_WARN_UNREACHABLE_CODE = YES;
				CLANG_WARN__DUPLICATE_METHOD_MATCH = YES;
				"CODE_SIGN_IDENTITY[sdk=iphoneos*]" = "iPhone Developer";
				COPY_PHASE_STRIP = YES;
				ENABLE_NS_ASSERTIONS = NO;
				ENABLE_STRICT_OBJC_MSGSEND = YES;
				GCC_C_LANGUAGE_STANDARD = gnu99;
				GCC_WARN_64_TO_32_BIT_CONVERSION = YES;
				GCC_WARN_ABOUT_RETURN_TYPE = YES_ERROR;
				GCC_WARN_UNDECLARED_SELECTOR = YES;
				GCC_WARN_UNINITIALIZED_AUTOS = YES_AGGRESSIVE;
				GCC_WARN_UNUSED_FUNCTION = YES;
				GCC_WARN_UNUSED_VARIABLE = YES;
				IPHONEOS_DEPLOYMENT_TARGET = 7.0;
				MTL_ENABLE_DEBUG_INFO = NO;
				SDKROOT = iphoneos;
				TARGETED_DEVICE_FAMILY = "1,2";
				VALIDATE_PRODUCT = YES;
			};
			name = Release;
		};
		81BA81651A49DA1800E65899 /* Debug */ = {
			isa = XCBuildConfiguration;
			buildSettings = {
				ASSETCATALOG_COMPILER_APPICON_NAME = AppIcon;
				ASSETCATALOG_COMPILER_LAUNCHIMAGE_NAME = LaunchImage;
				CLANG_ENABLE_MODULES = YES;
				CODE_SIGN_IDENTITY = "iPhone Developer";
				"CODE_SIGN_IDENTITY[sdk=iphoneos*]" = "iPhone Developer";
				FRAMEWORK_SEARCH_PATHS = (
					"$(inherited)",
					"$(PROJECT_DIR)",
				);
				INFOPLIST_FILE = Resources/Info.plist;
				IPHONEOS_DEPLOYMENT_TARGET = 8.0;
				LD_RUNPATH_SEARCH_PATHS = "$(inherited) @executable_path/Frameworks";
				PRODUCT_BUNDLE_IDENTIFIER = "com.parse.$(PRODUCT_NAME:rfc1034identifier)";
				PRODUCT_NAME = Relay;
				PROVISIONING_PROFILE = "";
				SWIFT_OBJC_BRIDGING_HEADER = "Relay-Bridging-Header.h";
				SWIFT_OPTIMIZATION_LEVEL = "-Onone";
				TARGETED_DEVICE_FAMILY = 1;
			};
			name = Debug;
		};
		81BA81661A49DA1800E65899 /* Release */ = {
			isa = XCBuildConfiguration;
			buildSettings = {
				ASSETCATALOG_COMPILER_APPICON_NAME = AppIcon;
				ASSETCATALOG_COMPILER_LAUNCHIMAGE_NAME = LaunchImage;
				CLANG_ENABLE_MODULES = YES;
				CODE_SIGN_IDENTITY = "iPhone Developer";
				"CODE_SIGN_IDENTITY[sdk=iphoneos*]" = "iPhone Developer";
				FRAMEWORK_SEARCH_PATHS = (
					"$(inherited)",
					"$(PROJECT_DIR)",
				);
				INFOPLIST_FILE = Resources/Info.plist;
				IPHONEOS_DEPLOYMENT_TARGET = 8.0;
				LD_RUNPATH_SEARCH_PATHS = "$(inherited) @executable_path/Frameworks";
				PRODUCT_BUNDLE_IDENTIFIER = "com.parse.$(PRODUCT_NAME:rfc1034identifier)";
				PRODUCT_NAME = Relay;
				PROVISIONING_PROFILE = "";
				SWIFT_OBJC_BRIDGING_HEADER = "Relay-Bridging-Header.h";
				TARGETED_DEVICE_FAMILY = 1;
			};
			name = Release;
		};
/* End XCBuildConfiguration section */

/* Begin XCConfigurationList section */
		81BA81401A49DA1800E65899 /* Build configuration list for PBXProject "Relay" */ = {
			isa = XCConfigurationList;
			buildConfigurations = (
				81BA81621A49DA1800E65899 /* Debug */,
				81BA81631A49DA1800E65899 /* Release */,
			);
			defaultConfigurationIsVisible = 0;
			defaultConfigurationName = Release;
		};
		81BA81641A49DA1800E65899 /* Build configuration list for PBXNativeTarget "Relay" */ = {
			isa = XCConfigurationList;
			buildConfigurations = (
				81BA81651A49DA1800E65899 /* Debug */,
				81BA81661A49DA1800E65899 /* Release */,
			);
			defaultConfigurationIsVisible = 0;
			defaultConfigurationName = Release;
		};
/* End XCConfigurationList section */
	};
	rootObject = 81BA813D1A49DA1800E65899 /* Project object */;
}
